{
  "name": "my-app",
  "version": "1.0.0",
  "lockfileVersion": 2,
  "dependencies": {
    "express": {
      "version": "4.18.2",
      "resolved": "https://registry.npmjs.org/express/-/express-4.18.2.tgz",
      "integrity": "sha512-8ttwivYOXzC1zOGxk6izD1MLHGqztbVpVkv5dZn3Lw3zmYlzzQHjF69jQroXTioDZoeqlCm4AKfXEkq9lLGe8A==",
      "engines": {
        "node": ">= 0.10.0"
      },
      "dev": false,
      "dependencies": {
        "accepts": "^1.3.7",
        "body-parser": "1.20.0",
        "cookie": "0.5.0",
        "cookie-signature": "1.0.6",
        "debug": "4.3.4",
        "depd": "2.0.0",
        "destroy": "1.0.4",
        "escape-html": "1.0.3",
        "etag": "~1.15.1",
        "finalhandler": "~1.1.2",
        "fresh": "0.5.2",
        "http-errors": "2.0.0",
        "media-typer": "0.4.0",
        "methods": "1.1.2",
        "parseurl": "~1.3.3",
        "path-to-regexp": "0.1.7",
        "proxy-addr": "~2.0.7",
        "qs": "^6.10.3",
        "range-parser": "~1.2.1",
        "safe-buffer": "5.2.1",
        "send": "~0.18.0",
        "serve-static": "~1.14.2",
        "setprototypeof": "1.1.1",
        "status-codes": "2.0.0",
        "type-is": "~1.6.18",
        "utils-merge": "1.0.1"
      }
    },
    "nodemon": {
      "version": "2.0.20",
      "resolved": "https://registry.npmjs.org/nodemon/-/nodemon-2.0.20.tgz",
      "integrity": "sha512-G9qXmPtVw4D5xoy9Ew+9gxKtnEZfG98HfZmyo5wH9DsFpo8MzwrqlQGlW4ak93nSH7PtI+/qhl/NfduJr9OHg==",
      "dev": true
    }
  }
}
